
Microsoft Visual Studio Solution File, Format Version 12.00
# Visual Studio Version 17
VisualStudioVersion = 17.14.36623.8 d17.14
MinimumVisualStudioVersion = 10.0.40219.1
Project("{FAE04EC0-301F-11D3-BF4B-00C04F79EFBC}") = "DemoAPIMinimal", "DemoAPIMinimal.csproj", "{DFD96D7F-D2B9-4E45-9C5E-8B24F4C0E330}"
EndProject
Global
	GlobalSection(SolutionConfigurationPlatforms) = preSolution
		Debug|Any CPU = Debug|Any CPU
		Release|Any CPU = Release|Any CPU
	EndGlobalSection
	GlobalSection(ProjectConfigurationPlatforms) = postSolution
		{DFD96D7F-D2B9-4E45-9C5E-8B24F4C0E330}.Debug|Any CPU.ActiveCfg = Debug|Any CPU
		{DFD96D7F-D2B9-4E45-9C5E-8B24F4C0E330}.Debug|Any CPU.Build.0 = Debug|Any CPU
		{DFD96D7F-D2B9-4E45-9C5E-8B24F4C0E330}.Release|Any CPU.ActiveCfg = Release|Any CPU
		{DFD96D7F-D2B9-4E45-9C5E-8B24F4C0E330}.Release|Any CPU.Build.0 = Release|Any CPU
	EndGlobalSection
	GlobalSection(SolutionProperties) = preSolution
		HideSolutionNode = FALSE
	EndGlobalSection
	GlobalSection(ExtensibilityGlobals) = postSolution
		SolutionGuid = {2EBCCD24-DD6A-4F07-9568-AD6306F73B1A}
	EndGlobalSection
EndGlobal
