
Microsoft Visual Studio Solution File, Format Version 12.00
# Visual Studio Version 17
VisualStudioVersion = 17.14.36623.8 d17.14
MinimumVisualStudioVersion = 10.0.40219.1
Project("{FAE04EC0-301F-11D3-BF4B-00C04F79EFBC}") = "DemoMVC", "DemoMVC.csproj", "{CCBB76DA-CFD6-4E3B-A7D3-EF56493F1F13}"
EndProject
Global
	GlobalSection(SolutionConfigurationPlatforms) = preSolution
		Debug|Any CPU = Debug|Any CPU
		Release|Any CPU = Release|Any CPU
	EndGlobalSection
	GlobalSection(ProjectConfigurationPlatforms) = postSolution
		{CCBB76DA-CFD6-4E3B-A7D3-EF56493F1F13}.Debug|Any CPU.ActiveCfg = Debug|Any CPU
		{CCBB76DA-CFD6-4E3B-A7D3-EF56493F1F13}.Debug|Any CPU.Build.0 = Debug|Any CPU
		{CCBB76DA-CFD6-4E3B-A7D3-EF56493F1F13}.Release|Any CPU.ActiveCfg = Release|Any CPU
		{CCBB76DA-CFD6-4E3B-A7D3-EF56493F1F13}.Release|Any CPU.Build.0 = Release|Any CPU
	EndGlobalSection
	GlobalSection(SolutionProperties) = preSolution
		HideSolutionNode = FALSE
	EndGlobalSection
	GlobalSection(ExtensibilityGlobals) = postSolution
		SolutionGuid = {9F7CD668-16B2-409B-A193-D150F57CDFC7}
	EndGlobalSection
EndGlobal
